{
  "name": "gridsome-plugin-algolia",
  "version": "2.1.4",
  "lockfileVersion": 1,
  "requires": true,
  "dependencies": {
    "@algolia/cache-browser-local-storage": {
      "version": "4.18.0",
      "resolved": "https://registry.npmjs.org/@algolia/cache-browser-local-storage/-/cache-browser-local-storage-4.18.0.tgz",
      "integrity": "sha512-rUAs49NLlO8LVLgGzM4cLkw8NJLKguQLgvFmBEe3DyzlinoqxzQMHfKZs6TSq4LZfw/z8qHvRo8NcTAAUJQLcw==",
      "requires": {
        "@algolia/cache-common": "4.18.0"
      }
    },
    "@algolia/cache-common": {
      "version": "4.18.0",
      "resolved": "https://registry.npmjs.org/@algolia/cache-common/-/cache-common-4.18.0.tgz",
      "integrity": "sha512-BmxsicMR4doGbeEXQu8yqiGmiyvpNvejYJtQ7rvzttEAMxOPoWEHrWyzBQw4x7LrBY9pMrgv4ZlUaF8PGzewHg=="
    },
    "@algolia/cache-in-memory": {
      "version": "4.18.0",
      "resolved": "https://registry.npmjs.org/@algolia/cache-in-memory/-/cache-in-memory-4.18.0.tgz",
      "integrity": "sha512-evD4dA1nd5HbFdufBxLqlJoob7E2ozlqJZuV3YlirNx5Na4q1LckIuzjNYZs2ddLzuTc/Xd5O3Ibf7OwPskHxw==",
      "requires": {
        "@algolia/cache-common": "4.18.0"
      }
    },
    "@algolia/client-account": {
      "version": "4.18.0",
      "resolved": "https://registry.npmjs.org/@algolia/client-account/-/client-account-4.18.0.tgz",
      "integrity": "sha512-XsDnlROr3+Z1yjxBJjUMfMazi1V155kVdte6496atvBgOEtwCzTs3A+qdhfsAnGUvaYfBrBkL0ThnhMIBCGcew==",
      "requires": {
        "@algolia/client-common": "4.18.0",
        "@algolia/client-search": "4.18.0",
        "@algolia/transporter": "4.18.0"
      }
    },
    "@algolia/client-analytics": {
      "version": "4.18.0",
      "resolved": "https://registry.npmjs.org/@algolia/client-analytics/-/client-analytics-4.18.0.tgz",
      "integrity": "sha512-chEUSN4ReqU7uRQ1C8kDm0EiPE+eJeAXiWcBwLhEynfNuTfawN9P93rSZktj7gmExz0C8XmkbBU19IQ05wCNrQ==",
      "requires": {
        "@algolia/client-common": "4.18.0",
        "@algolia/client-search": "4.18.0",
        "@algolia/requester-common": "4.18.0",
        "@algolia/transporter": "4.18.0"
      }
    },
    "@algolia/client-common": {
      "version": "4.18.0",
      "resolved": "https://registry.npmjs.org/@algolia/client-common/-/client-common-4.18.0.tgz",
      "integrity": "sha512-7N+soJFP4wn8tjTr3MSUT/U+4xVXbz4jmeRfWfVAzdAbxLAQbHa0o/POSdTvQ8/02DjCLelloZ1bb4ZFVKg7Wg==",
      "requires": {
        "@algolia/requester-common": "4.18.0",
        "@algolia/transporter": "4.18.0"
      }
    },
    "@algolia/client-personalization": {
      "version": "4.18.0",
      "resolved": "https://registry.npmjs.org/@algolia/client-personalization/-/client-personalization-4.18.0.tgz",
      "integrity": "sha512-+PeCjODbxtamHcPl+couXMeHEefpUpr7IHftj4Y4Nia1hj8gGq4VlIcqhToAw8YjLeCTfOR7r7xtj3pJcYdP8A==",
      "requires": {
        "@algolia/client-common": "4.18.0",
        "@algolia/requester-common": "4.18.0",
        "@algolia/transporter": "4.18.0"
      }
    },
    "@algolia/client-search": {
      "version": "4.18.0",
      "resolved": "https://registry.npmjs.org/@algolia/client-search/-/client-search-4.18.0.tgz",
      "integrity": "sha512-F9xzQXTjm6UuZtnsLIew6KSraXQ0AzS/Ee+OD+mQbtcA/K1sg89tqb8TkwjtiYZ0oij13u3EapB3gPZwm+1Y6g==",
      "requires": {
        "@algolia/client-common": "4.18.0",
        "@algolia/requester-common": "4.18.0",
        "@algolia/transporter": "4.18.0"
      }
    },
    "@algolia/logger-common": {
      "version": "4.18.0",
      "resolved": "https://registry.npmjs.org/@algolia/logger-common/-/logger-common-4.18.0.tgz",
      "integrity": "sha512-46etYgSlkoKepkMSyaoriSn2JDgcrpc/nkOgou/lm0y17GuMl9oYZxwKKTSviLKI5Irk9nSKGwnBTQYwXOYdRg=="
    },
    "@algolia/logger-console": {
      "version": "4.18.0",
      "resolved": "https://registry.npmjs.org/@algolia/logger-console/-/logger-console-4.18.0.tgz",
      "integrity": "sha512-3P3VUYMl9CyJbi/UU1uUNlf6Z8N2ltW3Oqhq/nR7vH0CjWv32YROq3iGWGxB2xt3aXobdUPXs6P0tHSKRmNA6g==",
      "requires": {
        "@algolia/logger-common": "4.18.0"
      }
    },
    "@algolia/requester-browser-xhr": {
      "version": "4.18.0",
      "resolved": "https://registry.npmjs.org/@algolia/requester-browser-xhr/-/requester-browser-xhr-4.18.0.tgz",
      "integrity": "sha512-/AcWHOBub2U4TE/bPi4Gz1XfuLK6/7dj4HJG+Z2SfQoS1RjNLshZclU3OoKIkFp8D2NC7+BNsPvr9cPLyW8nyQ==",
      "requires": {
        "@algolia/requester-common": "4.18.0"
      }
    },
    "@algolia/requester-common": {
      "version": "4.18.0",
      "resolved": "https://registry.npmjs.org/@algolia/requester-common/-/requester-common-4.18.0.tgz",
      "integrity": "sha512-xlT8R1qYNRBCi1IYLsx7uhftzdfsLPDGudeQs+xvYB4sQ3ya7+ppolB/8m/a4F2gCkEO6oxpp5AGemM7kD27jA=="
    },
    "@algolia/requester-node-http": {
      "version": "4.18.0",
      "resolved": "https://registry.npmjs.org/@algolia/requester-node-http/-/requester-node-http-4.18.0.tgz",
      "integrity": "sha512-TGfwj9aeTVgOUhn5XrqBhwUhUUDnGIKlI0kCBMdR58XfXcfdwomka+CPIgThRbfYw04oQr31A6/95ZH2QVJ9UQ==",
      "requires": {
        "@algolia/requester-common": "4.18.0"
      }
    },
    "@algolia/transporter": {
      "version": "4.18.0",
      "resolved": "https://registry.npmjs.org/@algolia/transporter/-/transporter-4.18.0.tgz",
      "integrity": "sha512-xbw3YRUGtXQNG1geYFEDDuFLZt4Z8YNKbamHPkzr3rWc6qp4/BqEeXcI2u/P/oMq2yxtXgMxrCxOPA8lyIe5jw==",
      "requires": {
        "@algolia/cache-common": "4.18.0",
        "@algolia/logger-common": "4.18.0",
        "@algolia/requester-common": "4.18.0"
      }
    },
    "algoliasearch": {
      "version": "4.18.0",
      "resolved": "https://registry.npmjs.org/algoliasearch/-/algoliasearch-4.18.0.tgz",
      "integrity": "sha512-pCuVxC1SVcpc08ENH32T4sLKSyzoU7TkRIDBMwSLfIiW+fq4znOmWDkAygHZ6pRcO9I1UJdqlfgnV7TRj+MXrA==",
      "requires": {
        "@algolia/cache-browser-local-storage": "4.18.0",
        "@algolia/cache-common": "4.18.0",
        "@algolia/cache-in-memory": "4.18.0",
        "@algolia/client-account": "4.18.0",
        "@algolia/client-analytics": "4.18.0",
        "@algolia/client-common": "4.18.0",
        "@algolia/client-personalization": "4.18.0",
        "@algolia/client-search": "4.18.0",
        "@algolia/logger-common": "4.18.0",
        "@algolia/logger-console": "4.18.0",
        "@algolia/requester-browser-xhr": "4.18.0",
        "@algolia/requester-common": "4.18.0",
        "@algolia/requester-node-http": "4.18.0",
        "@algolia/transporter": "4.18.0"
      }
    },
    "lodash.chunk": {
      "version": "4.2.0",
      "resolved": "https://registry.npmjs.org/lodash.chunk/-/lodash.chunk-4.2.0.tgz",
      "integrity": "sha1-ZuXOH3btJ7QwPYxlEujRIW6BBrw="
    }
  }
}
